# This file is automatically @generated by Cargo.
# It is not intended for manual editing.
version = 4

[[package]]
name = "futures-combinators"
version = "0.1.0"
dependencies = [
 "futures-core",
 "futures-util",
]

[[package]]
name = "futures-core"
version = "0.1.0"

[[package]]
name = "futures-util"
version = "0.1.0"
dependencies = [
 "futures-core",
]
